{
  "name": "plan-an-go",
  "version": "1.0.0",
  "lockfileVersion": 3,
  "requires": true,
  "packages": {
    "": {
      "name": "plan-an-go",
      "version": "1.0.0",
      "license": "MIT",
      "bin": {
        "plan-an-go": "scripts/plan-an-go"
      },
      "devDependencies": {},
      "engines": {
        "node": ">=18"
      }
    }
  }
}
